
Microsoft Visual Studio Solution File, Format Version 12.00
# Visual Studio 15
Project("{FAE04EC0-301F-11D3-BF4B-00C04F79EFBC}") = "Assembly-CSharp", "Assembly-CSharp.csproj", "{A6DDF363-704B-7EA3-1186-8B7FFCFE4855}"
EndProject
Project("{FAE04EC0-301F-11D3-BF4B-00C04F79EFBC}") = "Assembly-CSharp-Editor", "Assembly-CSharp-Editor.csproj", "{051C8823-37C9-8F25-15CF-BD0737FA9993}"
EndProject
Project("{FAE04EC0-301F-11D3-BF4B-00C04F79EFBC}") = "Scripts", "Scripts.csproj", "{6898551A-F4E6-BEE9-427D-BBFE5ED2B59A}"
EndProject
Global
	GlobalSection(SolutionConfigurationPlatforms) = preSolution
		Debug|Any CPU = Debug|Any CPU
		Release|Any CPU = Release|Any CPU
	EndGlobalSection
	GlobalSection(ProjectConfigurationPlatforms) = postSolution
		{A6DDF363-704B-7EA3-1186-8B7FFCFE4855}.Debug|Any CPU.ActiveCfg = Debug|Any CPU
		{A6DDF363-704B-7EA3-1186-8B7FFCFE4855}.Debug|Any CPU.Build.0 = Debug|Any CPU
		{A6DDF363-704B-7EA3-1186-8B7FFCFE4855}.Release|Any CPU.ActiveCfg = Release|Any CPU
		{A6DDF363-704B-7EA3-1186-8B7FFCFE4855}.Release|Any CPU.Build.0 = Release|Any CPU
		{051C8823-37C9-8F25-15CF-BD0737FA9993}.Debug|Any CPU.ActiveCfg = Debug|Any CPU
		{051C8823-37C9-8F25-15CF-BD0737FA9993}.Debug|Any CPU.Build.0 = Debug|Any CPU
		{051C8823-37C9-8F25-15CF-BD0737FA9993}.Release|Any CPU.ActiveCfg = Release|Any CPU
		{051C8823-37C9-8F25-15CF-BD0737FA9993}.Release|Any CPU.Build.0 = Release|Any CPU
		{6898551A-F4E6-BEE9-427D-BBFE5ED2B59A}.Debug|Any CPU.ActiveCfg = Debug|Any CPU
		{6898551A-F4E6-BEE9-427D-BBFE5ED2B59A}.Debug|Any CPU.Build.0 = Debug|Any CPU
		{6898551A-F4E6-BEE9-427D-BBFE5ED2B59A}.Release|Any CPU.ActiveCfg = Release|Any CPU
		{6898551A-F4E6-BEE9-427D-BBFE5ED2B59A}.Release|Any CPU.Build.0 = Release|Any CPU
	EndGlobalSection
	GlobalSection(SolutionProperties) = preSolution
		HideSolutionNode = FALSE
	EndGlobalSection
EndGlobal
