
Microsoft Visual Studio Solution File, Format Version 12.00
# Visual Studio 15
Project("{FAE04EC0-301F-11D3-BF4B-00C04F79EFBC}") = "Assembly-CSharp", "Assembly-CSharp.csproj", "{338ECC51-48F6-EB2B-CF34-6F459EB46FBC}"
EndProject
Project("{FAE04EC0-301F-11D3-BF4B-00C04F79EFBC}") = "Assembly-CSharp-Editor", "Assembly-CSharp-Editor.csproj", "{7C5D7CF0-B49C-8982-2AA5-232A100A6877}"
EndProject
Project("{FAE04EC0-301F-11D3-BF4B-00C04F79EFBC}") = "Scripts", "Scripts.csproj", "{4DA6F678-5334-884C-AA59-7ABD7CFF374A}"
EndProject
Global
	GlobalSection(SolutionConfigurationPlatforms) = preSolution
		Debug|Any CPU = Debug|Any CPU
		Release|Any CPU = Release|Any CPU
	EndGlobalSection
	GlobalSection(ProjectConfigurationPlatforms) = postSolution
		{338ECC51-48F6-EB2B-CF34-6F459EB46FBC}.Debug|Any CPU.ActiveCfg = Debug|Any CPU
		{338ECC51-48F6-EB2B-CF34-6F459EB46FBC}.Debug|Any CPU.Build.0 = Debug|Any CPU
		{338ECC51-48F6-EB2B-CF34-6F459EB46FBC}.Release|Any CPU.ActiveCfg = Release|Any CPU
		{338ECC51-48F6-EB2B-CF34-6F459EB46FBC}.Release|Any CPU.Build.0 = Release|Any CPU
		{7C5D7CF0-B49C-8982-2AA5-232A100A6877}.Debug|Any CPU.ActiveCfg = Debug|Any CPU
		{7C5D7CF0-B49C-8982-2AA5-232A100A6877}.Debug|Any CPU.Build.0 = Debug|Any CPU
		{7C5D7CF0-B49C-8982-2AA5-232A100A6877}.Release|Any CPU.ActiveCfg = Release|Any CPU
		{7C5D7CF0-B49C-8982-2AA5-232A100A6877}.Release|Any CPU.Build.0 = Release|Any CPU
		{4DA6F678-5334-884C-AA59-7ABD7CFF374A}.Debug|Any CPU.ActiveCfg = Debug|Any CPU
		{4DA6F678-5334-884C-AA59-7ABD7CFF374A}.Debug|Any CPU.Build.0 = Debug|Any CPU
		{4DA6F678-5334-884C-AA59-7ABD7CFF374A}.Release|Any CPU.ActiveCfg = Release|Any CPU
		{4DA6F678-5334-884C-AA59-7ABD7CFF374A}.Release|Any CPU.Build.0 = Release|Any CPU
	EndGlobalSection
	GlobalSection(SolutionProperties) = preSolution
		HideSolutionNode = FALSE
	EndGlobalSection
EndGlobal
